// !$*UTF8*$!
{
	archiveVersion = 1;
	classes = {
	};
	objectVersion = 55;
	objects = {

/* Begin PBXBuildFile section */
		B6A26802273BEF790055F4EA /* ImagePicker.swift in Sources */ = {isa = PBXBuildFile; fileRef = B6A26801273BEF790055F4EA /* ImagePicker.swift */; };
		B6C1E7FF2732BBB900D41B15 /* Insta_FilterApp.swift in Sources */ = {isa = PBXBuildFile; fileRef = B6C1E7FE2732BBB900D41B15 /* Insta_FilterApp.swift */; };
		B6C1E8012732BBB900D41B15 /* ContentView.swift in Sources */ = {isa = PBXBuildFile; fileRef = B6C1E8002732BBB900D41B15 /* ContentView.swift */; };
		B6C1E8032732BBBC00D41B15 /* Assets.xcassets in Resources */ = {isa = PBXBuildFile; fileRef = B6C1E8022732BBBC00D41B15 /* Assets.xcassets */; };
		B6C1E8062732BBBC00D41B15 /* Preview Assets.xcassets in Resources */ = {isa = PBXBuildFile; fileRef = B6C1E8052732BBBC00D41B15 /* Preview Assets.xcassets */; };
		B6C1E8102732BBBC00D41B15 /* Insta_FilterTests.swift in Sources */ = {isa = PBXBuildFile; fileRef = B6C1E80F2732BBBC00D41B15 /* Insta_FilterTests.swift */; };
		B6C1E81A2732BBBC00D41B15 /* Insta_FilterUITests.swift in Sources */ = {isa = PBXBuildFile; fileRef = B6C1E8192732BBBC00D41B15 /* Insta_FilterUITests.swift */; };
		B6C1E81C2732BBBC00D41B15 /* Insta_FilterUITestsLaunchTests.swift in Sources */ = {isa = PBXBuildFile; fileRef = B6C1E81B2732BBBC00D41B15 /* Insta_FilterUITestsLaunchTests.swift */; };
/* End PBXBuildFile section */

/* Begin PBXContainerItemProxy section */
		B6C1E80C2732BBBC00D41B15 /* PBXContainerItemProxy */ = {
			isa = PBXContainerItemProxy;
			containerPortal = B6C1E7F32732BBB900D41B15 /* Project object */;
			proxyType = 1;
			remoteGlobalIDString = B6C1E7FA2732BBB900D41B15;
			remoteInfo = "Insta Filter";
		};
		B6C1E8162732BBBC00D41B15 /* PBXContainerItemProxy */ = {
			isa = PBXContainerItemProxy;
			containerPortal = B6C1E7F32732BBB900D41B15 /* Project object */;
			proxyType = 1;
			remoteGlobalIDString = B6C1E7FA2732BBB900D41B15;
			remoteInfo = "Insta Filter";
		};
/* End PBXContainerItemProxy section */

/* Begin PBXFileReference section */
		B6A26801273BEF790055F4EA /* ImagePicker.swift */ = {isa = PBXFileReference; lastKnownFileType = sourcecode.swift; path = ImagePicker.swift; sourceTree = "<group>"; };
		B6C1E7FB2732BBB900D41B15 /* Insta Filter.app */ = {isa = PBXFileReference; explicitFileType = wrapper.application; includeInIndex = 0; path = "Insta Filter.app"; sourceTree = BUILT_PRODUCTS_DIR; };
		B6C1E7FE2732BBB900D41B15 /* Insta_FilterApp.swift */ = {isa = PBXFileReference; lastKnownFileType = sourcecode.swift; path = Insta_FilterApp.swift; sourceTree = "<group>"; };
		B6C1E8002732BBB900D41B15 /* ContentView.swift */ = {isa = PBXFileReference; lastKnownFileType = sourcecode.swift; path = ContentView.swift; sourceTree = "<group>"; };
		B6C1E8022732BBBC00D41B15 /* Assets.xcassets */ = {isa = PBXFileReference; lastKnownFileType = folder.assetcatalog; path = Assets.xcassets; sourceTree = "<group>"; };
		B6C1E8052732BBBC00D41B15 /* Preview Assets.xcassets */ = {isa = PBXFileReference; lastKnownFileType = folder.assetcatalog; path = "Preview Assets.xcassets"; sourceTree = "<group>"; };
		B6C1E80B2732BBBC00D41B15 /* Insta FilterTests.xctest */ = {isa = PBXFileReference; explicitFileType = wrapper.cfbundle; includeInIndex = 0; path = "Insta FilterTests.xctest"; sourceTree = BUILT_PRODUCTS_DIR; };
		B6C1E80F2732BBBC00D41B15 /* Insta_FilterTests.swift */ = {isa = PBXFileReference; lastKnownFileType = sourcecode.swift; path = Insta_FilterTests.swift; sourceTree = "<group>"; };
		B6C1E8152732BBBC00D41B15 /* Insta FilterUITests.xctest */ = {isa = PBXFileReference; explicitFileType = wrapper.cfbundle; includeInIndex = 0; path = "Insta FilterUITests.xctest"; sourceTree = BUILT_PRODUCTS_DIR; };
		B6C1E8192732BBBC00D41B15 /* Insta_FilterUITests.swift */ = {isa = PBXFileReference; lastKnownFileType = sourcecode.swift; path = Insta_FilterUITests.swift; sourceTree = "<group>"; };
		B6C1E81B2732BBBC00D41B15 /* Insta_FilterUITestsLaunchTests.swift */ = {isa = PBXFileReference; lastKnownFileType = sourcecode.swift; path = Insta_FilterUITestsLaunchTests.swift; sourceTree = "<group>"; };
/* End PBXFileReference section */

/* Begin PBXFrameworksBuildPhase section */
		B6C1E7F82732BBB900D41B15 /* Frameworks */ = {
			isa = PBXFrameworksBuildPhase;
			buildActionMask = 2147483647;
			files = (
			);
			runOnlyForDeploymentPostprocessing = 0;
		};
		B6C1E8082732BBBC00D41B15 /* Frameworks */ = {
			isa = PBXFrameworksBuildPhase;
			buildActionMask = 2147483647;
			files = (
			);
			runOnlyForDeploymentPostprocessing = 0;
		};
		B6C1E8122732BBBC00D41B15 /* Frameworks */ = {
			isa = PBXFrameworksBuildPhase;
			buildActionMask = 2147483647;
			files = (
			);
			runOnlyForDeploymentPostprocessing = 0;
		};
/* End PBXFrameworksBuildPhase section */

/* Begin PBXGroup section */
		B6C1E7F22732BBB900D41B15 = {
			isa = PBXGroup;
			children = (
				B6C1E7FD2732BBB900D41B15 /* Insta Filter */,
				B6C1E80E2732BBBC00D41B15 /* Insta FilterTests */,
				B6C1E8182732BBBC00D41B15 /* Insta FilterUITests */,
				B6C1E7FC2732BBB900D41B15 /* Products */,
			);
			sourceTree = "<group>";
		};
		B6C1E7FC2732BBB900D41B15 /* Products */ = {
			isa = PBXGroup;
			children = (
				B6C1E7FB2732BBB900D41B15 /* Insta Filter.app */,
				B6C1E80B2732BBBC00D41B15 /* Insta FilterTests.xctest */,
				B6C1E8152732BBBC00D41B15 /* Insta FilterUITests.xctest */,
			);
			name = Products;
			sourceTree = "<group>";
		};
		B6C1E7FD2732BBB900D41B15 /* Insta Filter */ = {
			isa = PBXGroup;
			children = (
				B6C1E7FE2732BBB900D41B15 /* Insta_FilterApp.swift */,
				B6C1E8002732BBB900D41B15 /* ContentView.swift */,
				B6A26801273BEF790055F4EA /* ImagePicker.swift */,
				B6C1E8022732BBBC00D41B15 /* Assets.xcassets */,
				B6C1E8042732BBBC00D41B15 /* Preview Content */,
			);
			path = "Insta Filter";
			sourceTree = "<group>";
		};
		B6C1E8042732BBBC00D41B15 /* Preview Content */ = {
			isa = PBXGroup;
			children = (
				B6C1E8052732BBBC00D41B15 /* Preview Assets.xcassets */,
			);
			path = "Preview Content";
			sourceTree = "<group>";
		};
		B6C1E80E2732BBBC00D41B15 /* Insta FilterTests */ = {
			isa = PBXGroup;
			children = (
				B6C1E80F2732BBBC00D41B15 /* Insta_FilterTests.swift */,
			);
			path = "Insta FilterTests";
			sourceTree = "<group>";
		};
		B6C1E8182732BBBC00D41B15 /* Insta FilterUITests */ = {
			isa = PBXGroup;
			children = (
				B6C1E8192732BBBC00D41B15 /* Insta_FilterUITests.swift */,
				B6C1E81B2732BBBC00D41B15 /* Insta_FilterUITestsLaunchTests.swift */,
			);
			path = "Insta FilterUITests";
			sourceTree = "<group>";
		};
/* End PBXGroup section */

/* Begin PBXNativeTarget section */
		B6C1E7FA2732BBB900D41B15 /* Insta Filter */ = {
			isa = PBXNativeTarget;
			buildConfigurationList = B6C1E81F2732BBBC00D41B15 /* Build configuration list for PBXNativeTarget "Insta Filter" */;
			buildPhases = (
				B6C1E7F72732BBB900D41B15 /* Sources */,
				B6C1E7F82732BBB900D41B15 /* Frameworks */,
				B6C1E7F92732BBB900D41B15 /* Resources */,
			);
			buildRules = (
			);
			dependencies = (
			);
			name = "Insta Filter";
			productName = "Insta Filter";
			productReference = B6C1E7FB2732BBB900D41B15 /* Insta Filter.app */;
			productType = "com.apple.product-type.application";
		};
		B6C1E80A2732BBBC00D41B15 /* Insta FilterTests */ = {
			isa = PBXNativeTarget;
			buildConfigurationList = B6C1E8222732BBBC00D41B15 /* Build configuration list for PBXNativeTarget "Insta FilterTests" */;
			buildPhases = (
				B6C1E8072732BBBC00D41B15 /* Sources */,
				B6C1E8082732BBBC00D41B15 /* Frameworks */,
				B6C1E8092732BBBC00D41B15 /* Resources */,
			);
			buildRules = (
			);
			dependencies = (
				B6C1E80D2732BBBC00D41B15 /* PBXTargetDependency */,
			);
			name = "Insta FilterTests";
			productName = "Insta FilterTests";
			productReference = B6C1E80B2732BBBC00D41B15 /* Insta FilterTests.xctest */;
			productType = "com.apple.product-type.bundle.unit-test";
		};
		B6C1E8142732BBBC00D41B15 /* Insta FilterUITests */ = {
			isa = PBXNativeTarget;
			buildConfigurationList = B6C1E8252732BBBC00D41B15 /* Build configuration list for PBXNativeTarget "Insta FilterUITests" */;
			buildPhases = (
				B6C1E8112732BBBC00D41B15 /* Sources */,
				B6C1E8122732BBBC00D41B15 /* Frameworks */,
				B6C1E8132732BBBC00D41B15 /* Resources */,
			);
			buildRules = (
			);
			dependencies = (
				B6C1E8172732BBBC00D41B15 /* PBXTargetDependency */,
			);
			name = "Insta FilterUITests";
			productName = "Insta FilterUITests";
			productReference = B6C1E8152732BBBC00D41B15 /* Insta FilterUITests.xctest */;
			productType = "com.apple.product-type.bundle.ui-testing";
		};
/* End PBXNativeTarget section */

/* Begin PBXProject section */
		B6C1E7F32732BBB900D41B15 /* Project object */ = {
			isa = PBXProject;
			attributes = {
				BuildIndependentTargetsInParallel = 1;
				LastSwiftUpdateCheck = 1310;
				LastUpgradeCheck = 1310;
				TargetAttributes = {
					B6C1E7FA2732BBB900D41B15 = {
						CreatedOnToolsVersion = 13.1;
					};
					B6C1E80A2732BBBC00D41B15 = {
						CreatedOnToolsVersion = 13.1;
						TestTargetID = B6C1E7FA2732BBB900D41B15;
					};
					B6C1E8142732BBBC00D41B15 = {
						CreatedOnToolsVersion = 13.1;
						TestTargetID = B6C1E7FA2732BBB900D41B15;
					};
				};
			};
			buildConfigurationList = B6C1E7F62732BBB900D41B15 /* Build configuration list for PBXProject "Insta Filter" */;
			compatibilityVersion = "Xcode 13.0";
			developmentRegion = en;
			hasScannedForEncodings = 0;
			knownRegions = (
				en,
				Base,
			);
			mainGroup = B6C1E7F22732BBB900D41B15;
			productRefGroup = B6C1E7FC2732BBB900D41B15 /* Products */;
			projectDirPath = "";
			projectRoot = "";
			targets = (
				B6C1E7FA2732BBB900D41B15 /* Insta Filter */,
				B6C1E80A2732BBBC00D41B15 /* Insta FilterTests */,
				B6C1E8142732BBBC00D41B15 /* Insta FilterUITests */,
			);
		};
/* End PBXProject section */

/* Begin PBXResourcesBuildPhase section */
		B6C1E7F92732BBB900D41B15 /* Resources */ = {
			isa = PBXResourcesBuildPhase;
			buildActionMask = 2147483647;
			files = (
				B6C1E8062732BBBC00D41B15 /* Preview Assets.xcassets in Resources */,
				B6C1E8032732BBBC00D41B15 /* Assets.xcassets in Resources */,
			);
			runOnlyForDeploymentPostprocessing = 0;
		};
		B6C1E8092732BBBC00D41B15 /* Resources */ = {
			isa = PBXResourcesBuildPhase;
			buildActionMask = 2147483647;
			files = (
			);
			runOnlyForDeploymentPostprocessing = 0;
		};
		B6C1E8132732BBBC00D41B15 /* Resources */ = {
			isa = PBXResourcesBuildPhase;
			buildActionMask = 2147483647;
			files = (
			);
			runOnlyForDeploymentPostprocessing = 0;
		};
/* End PBXResourcesBuildPhase section */

/* Begin PBXSourcesBuildPhase section */
		B6C1E7F72732BBB900D41B15 /* Sources */ = {
			isa = PBXSourcesBuildPhase;
			buildActionMask = 2147483647;
			files = (
				B6A26802273BEF790055F4EA /* ImagePicker.swift in Sources */,
				B6C1E8012732BBB900D41B15 /* ContentView.swift in Sources */,
				B6C1E7FF2732BBB900D41B15 /* Insta_FilterApp.swift in Sources */,
			);
			runOnlyForDeploymentPostprocessing = 0;
		};
		B6C1E8072732BBBC00D41B15 /* Sources */ = {
			isa = PBXSourcesBuildPhase;
			buildActionMask = 2147483647;
			files = (
				B6C1E8102732BBBC00D41B15 /* Insta_FilterTests.swift in Sources */,
			);
			runOnlyForDeploymentPostprocessing = 0;
		};
		B6C1E8112732BBBC00D41B15 /* Sources */ = {
			isa = PBXSourcesBuildPhase;
			buildActionMask = 2147483647;
			files = (
				B6C1E81C2732BBBC00D41B15 /* Insta_FilterUITestsLaunchTests.swift in Sources */,
				B6C1E81A2732BBBC00D41B15 /* Insta_FilterUITests.swift in Sources */,
			);
			runOnlyForDeploymentPostprocessing = 0;
		};
/* End PBXSourcesBuildPhase section */

/* Begin PBXTargetDependency section */
		B6C1E80D2732BBBC00D41B15 /* PBXTargetDependency */ = {
			isa = PBXTargetDependency;
			target = B6C1E7FA2732BBB900D41B15 /* Insta Filter */;
			targetProxy = B6C1E80C2732BBBC00D41B15 /* PBXContainerItemProxy */;
		};
		B6C1E8172732BBBC00D41B15 /* PBXTargetDependency */ = {
			isa = PBXTargetDependency;
			target = B6C1E7FA2732BBB900D41B15 /* Insta Filter */;
			targetProxy = B6C1E8162732BBBC00D41B15 /* PBXContainerItemProxy */;
		};
/* End PBXTargetDependency section */

/* Begin XCBuildConfiguration section */
		B6C1E81D2732BBBC00D41B15 /* Debug */ = {
			isa = XCBuildConfiguration;
			buildSettings = {
				ALWAYS_SEARCH_USER_PATHS = NO;
				CLANG_ANALYZER_NONNULL = YES;
				CLANG_ANALYZER_NUMBER_OBJECT_CONVERSION = YES_AGGRESSIVE;
				CLANG_CXX_LANGUAGE_STANDARD = "gnu++17";
				CLANG_CXX_LIBRARY = "libc++";
				CLANG_ENABLE_MODULES = YES;
				CLANG_ENABLE_OBJC_ARC = YES;
				CLANG_ENABLE_OBJC_WEAK = YES;
				CLANG_WARN_BLOCK_CAPTURE_AUTORELEASING = YES;
				CLANG_WARN_BOOL_CONVERSION = YES;
				CLANG_WARN_COMMA = YES;
				CLANG_WARN_CONSTANT_CONVERSION = YES;
				CLANG_WARN_DEPRECATED_OBJC_IMPLEMENTATIONS = YES;
				CLANG_WARN_DIRECT_OBJC_ISA_USAGE = YES_ERROR;
				CLANG_WARN_DOCUMENTATION_COMMENTS = YES;
				CLANG_WARN_EMPTY_BODY = YES;
				CLANG_WARN_ENUM_CONVERSION = YES;
				CLANG_WARN_INFINITE_RECURSION = YES;
				CLANG_WARN_INT_CONVERSION = YES;
				CLANG_WARN_NON_LITERAL_NULL_CONVERSION = YES;
				CLANG_WARN_OBJC_IMPLICIT_RETAIN_SELF = YES;
				CLANG_WARN_OBJC_LITERAL_CONVERSION = YES;
				CLANG_WARN_OBJC_ROOT_CLASS = YES_ERROR;
				CLANG_WARN_QUOTED_INCLUDE_IN_FRAMEWORK_HEADER = YES;
				CLANG_WARN_RANGE_LOOP_ANALYSIS = YES;
				CLANG_WARN_STRICT_PROTOTYPES = YES;
				CLANG_WARN_SUSPICIOUS_MOVE = YES;
				CLANG_WARN_UNGUARDED_AVAILABILITY = YES_AGGRESSIVE;
				CLANG_WARN_UNREACHABLE_CODE = YES;
				CLANG_WARN__DUPLICATE_METHOD_MATCH = YES;
				COPY_PHASE_STRIP = NO;
				DEBUG_INFORMATION_FORMAT = dwarf;
				ENABLE_STRICT_OBJC_MSGSEND = YES;
				ENABLE_TESTABILITY = YES;
				GCC_C_LANGUAGE_STANDARD = gnu11;
				GCC_DYNAMIC_NO_PIC = NO;
				GCC_NO_COMMON_BLOCKS = YES;
				GCC_OPTIMIZATION_LEVEL = 0;
				GCC_PREPROCESSOR_DEFINITIONS = (
					"DEBUG=1",
					"$(inherited)",
				);
				GCC_WARN_64_TO_32_BIT_CONVERSION = YES;
				GCC_WARN_ABOUT_RETURN_TYPE = YES_ERROR;
				GCC_WARN_UNDECLARED_SELECTOR = YES;
				GCC_WARN_UNINITIALIZED_AUTOS = YES_AGGRESSIVE;
				GCC_WARN_UNUSED_FUNCTION = YES;
				GCC_WARN_UNUSED_VARIABLE = YES;
				IPHONEOS_DEPLOYMENT_TARGET = 15.0;
				MTL_ENABLE_DEBUG_INFO = INCLUDE_SOURCE;
				MTL_FAST_MATH = YES;
				ONLY_ACTIVE_ARCH = YES;
				SDKROOT = iphoneos;
				SWIFT_ACTIVE_COMPILATION_CONDITIONS = DEBUG;
				SWIFT_OPTIMIZATION_LEVEL = "-Onone";
			};
			name = Debug;
		};
		B6C1E81E2732BBBC00D41B15 /* Release */ = {
			isa = XCBuildConfiguration;
			buildSettings = {
				ALWAYS_SEARCH_USER_PATHS = NO;
				CLANG_ANALYZER_NONNULL = YES;
				CLANG_ANALYZER_NUMBER_OBJECT_CONVERSION = YES_AGGRESSIVE;
				CLANG_CXX_LANGUAGE_STANDARD = "gnu++17";
				CLANG_CXX_LIBRARY = "libc++";
				CLANG_ENABLE_MODULES = YES;
				CLANG_ENABLE_OBJC_ARC = YES;
				CLANG_ENABLE_OBJC_WEAK = YES;
				CLANG_WARN_BLOCK_CAPTURE_AUTORELEASING = YES;
				CLANG_WARN_BOOL_CONVERSION = YES;
				CLANG_WARN_COMMA = YES;
				CLANG_WARN_CONSTANT_CONVERSION = YES;
				CLANG_WARN_DEPRECATED_OBJC_IMPLEMENTATIONS = YES;
				CLANG_WARN_DIRECT_OBJC_ISA_USAGE = YES_ERROR;
				CLANG_WARN_DOCUMENTATION_COMMENTS = YES;
				CLANG_WARN_EMPTY_BODY = YES;
				CLANG_WARN_ENUM_CONVERSION = YES;
				CLANG_WARN_INFINITE_RECURSION = YES;
				CLANG_WARN_INT_CONVERSION = YES;
				CLANG_WARN_NON_LITERAL_NULL_CONVERSION = YES;
				CLANG_WARN_OBJC_IMPLICIT_RETAIN_SELF = YES;
				CLANG_WARN_OBJC_LITERAL_CONVERSION = YES;
				CLANG_WARN_OBJC_ROOT_CLASS = YES_ERROR;
				CLANG_WARN_QUOTED_INCLUDE_IN_FRAMEWORK_HEADER = YES;
				CLANG_WARN_RANGE_LOOP_ANALYSIS = YES;
				CLANG_WARN_STRICT_PROTOTYPES = YES;
				CLANG_WARN_SUSPICIOUS_MOVE = YES;
				CLANG_WARN_UNGUARDED_AVAILABILITY = YES_AGGRESSIVE;
				CLANG_WARN_UNREACHABLE_CODE = YES;
				CLANG_WARN__DUPLICATE_METHOD_MATCH = YES;
				COPY_PHASE_STRIP = NO;
				DEBUG_INFORMATION_FORMAT = "dwarf-with-dsym";
				ENABLE_NS_ASSERTIONS = NO;
				ENABLE_STRICT_OBJC_MSGSEND = YES;
				GCC_C_LANGUAGE_STANDARD = gnu11;
				GCC_NO_COMMON_BLOCKS = YES;
				GCC_WARN_64_TO_32_BIT_CONVERSION = YES;
				GCC_WARN_ABOUT_RETURN_TYPE = YES_ERROR;
				GCC_WARN_UNDECLARED_SELECTOR = YES;
				GCC_WARN_UNINITIALIZED_AUTOS = YES_AGGRESSIVE;
				GCC_WARN_UNUSED_FUNCTION = YES;
				GCC_WARN_UNUSED_VARIABLE = YES;
				IPHONEOS_DEPLOYMENT_TARGET = 15.0;
				MTL_ENABLE_DEBUG_INFO = NO;
				MTL_FAST_MATH = YES;
				SDKROOT = iphoneos;
				SWIFT_COMPILATION_MODE = wholemodule;
				SWIFT_OPTIMIZATION_LEVEL = "-O";
				VALIDATE_PRODUCT = YES;
			};
			name = Release;
		};
		B6C1E8202732BBBC00D41B15 /* Debug */ = {
			isa = XCBuildConfiguration;
			buildSettings = {
				ASSETCATALOG_COMPILER_APPICON_NAME = AppIcon;
				ASSETCATALOG_COMPILER_GLOBAL_ACCENT_COLOR_NAME = AccentColor;
				CODE_SIGN_STYLE = Automatic;
				CURRENT_PROJECT_VERSION = 1;
				DEVELOPMENT_ASSET_PATHS = "\"Insta Filter/Preview Content\"";
				DEVELOPMENT_TEAM = 2FRR58PFB2;
				ENABLE_PREVIEWS = YES;
				GENERATE_INFOPLIST_FILE = YES;
				INFOPLIST_KEY_UIApplicationSceneManifest_Generation = YES;
				INFOPLIST_KEY_UIApplicationSupportsIndirectInputEvents = YES;
				INFOPLIST_KEY_UILaunchScreen_Generation = YES;
				INFOPLIST_KEY_UISupportedInterfaceOrientations_iPad = "UIInterfaceOrientationPortrait UIInterfaceOrientationPortraitUpsideDown UIInterfaceOrientationLandscapeLeft UIInterfaceOrientationLandscapeRight";
				INFOPLIST_KEY_UISupportedInterfaceOrientations_iPhone = "UIInterfaceOrientationPortrait UIInterfaceOrientationLandscapeLeft UIInterfaceOrientationLandscapeRight";
				LD_RUNPATH_SEARCH_PATHS = (
					"$(inherited)",
					"@executable_path/Frameworks",
				);
				MARKETING_VERSION = 1.0;
				PRODUCT_BUNDLE_IDENTIFIER = "com.yashpoojary.Insta-Filter";
				PRODUCT_NAME = "$(TARGET_NAME)";
				SWIFT_EMIT_LOC_STRINGS = YES;
				SWIFT_VERSION = 5.0;
				TARGETED_DEVICE_FAMILY = "1,2";
			};
			name = Debug;
		};
		B6C1E8212732BBBC00D41B15 /* Release */ = {
			isa = XCBuildConfiguration;
			buildSettings = {
				ASSETCATALOG_COMPILER_APPICON_NAME = AppIcon;
				ASSETCATALOG_COMPILER_GLOBAL_ACCENT_COLOR_NAME = AccentColor;
				CODE_SIGN_STYLE = Automatic;
				CURRENT_PROJECT_VERSION = 1;
				DEVELOPMENT_ASSET_PATHS = "\"Insta Filter/Preview Content\"";
				DEVELOPMENT_TEAM = 2FRR58PFB2;
				ENABLE_PREVIEWS = YES;
				GENERATE_INFOPLIST_FILE = YES;
				INFOPLIST_KEY_UIApplicationSceneManifest_Generation = YES;
				INFOPLIST_KEY_UIApplicationSupportsIndirectInputEvents = YES;
				INFOPLIST_KEY_UILaunchScreen_Generation = YES;
				INFOPLIST_KEY_UISupportedInterfaceOrientations_iPad = "UIInterfaceOrientationPortrait UIInterfaceOrientationPortraitUpsideDown UIInterfaceOrientationLandscapeLeft UIInterfaceOrientationLandscapeRight";
				INFOPLIST_KEY_UISupportedInterfaceOrientations_iPhone = "UIInterfaceOrientationPortrait UIInterfaceOrientationLandscapeLeft UIInterfaceOrientationLandscapeRight";
				LD_RUNPATH_SEARCH_PATHS = (
					"$(inherited)",
					"@executable_path/Frameworks",
				);
				MARKETING_VERSION = 1.0;
				PRODUCT_BUNDLE_IDENTIFIER = "com.yashpoojary.Insta-Filter";
				PRODUCT_NAME = "$(TARGET_NAME)";
				SWIFT_EMIT_LOC_STRINGS = YES;
				SWIFT_VERSION = 5.0;
				TARGETED_DEVICE_FAMILY = "1,2";
			};
			name = Release;
		};
		B6C1E8232732BBBC00D41B15 /* Debug */ = {
			isa = XCBuildConfiguration;
			buildSettings = {
				ALWAYS_EMBED_SWIFT_STANDARD_LIBRARIES = YES;
				BUNDLE_LOADER = "$(TEST_HOST)";
				CODE_SIGN_STYLE = Automatic;
				CURRENT_PROJECT_VERSION = 1;
				DEVELOPMENT_TEAM = 2FRR58PFB2;
				GENERATE_INFOPLIST_FILE = YES;
				IPHONEOS_DEPLOYMENT_TARGET = 15.0;
				LD_RUNPATH_SEARCH_PATHS = (
					"$(inherited)",
					"@executable_path/Frameworks",
					"@loader_path/Frameworks",
				);
				MARKETING_VERSION = 1.0;
				PRODUCT_BUNDLE_IDENTIFIER = "com.yashpoojary.Insta-FilterTests";
				PRODUCT_NAME = "$(TARGET_NAME)";
				SWIFT_EMIT_LOC_STRINGS = NO;
				SWIFT_VERSION = 5.0;
				TARGETED_DEVICE_FAMILY = "1,2";
				TEST_HOST = "$(BUILT_PRODUCTS_DIR)/Insta Filter.app/Insta Filter";
			};
			name = Debug;
		};
		B6C1E8242732BBBC00D41B15 /* Release */ = {
			isa = XCBuildConfiguration;
			buildSettings = {
				ALWAYS_EMBED_SWIFT_STANDARD_LIBRARIES = YES;
				BUNDLE_LOADER = "$(TEST_HOST)";
				CODE_SIGN_STYLE = Automatic;
				CURRENT_PROJECT_VERSION = 1;
				DEVELOPMENT_TEAM = 2FRR58PFB2;
				GENERATE_INFOPLIST_FILE = YES;
				IPHONEOS_DEPLOYMENT_TARGET = 15.0;
				LD_RUNPATH_SEARCH_PATHS = (
					"$(inherited)",
					"@executable_path/Frameworks",
					"@loader_path/Frameworks",
				);
				MARKETING_VERSION = 1.0;
				PRODUCT_BUNDLE_IDENTIFIER = "com.yashpoojary.Insta-FilterTests";
				PRODUCT_NAME = "$(TARGET_NAME)";
				SWIFT_EMIT_LOC_STRINGS = NO;
				SWIFT_VERSION = 5.0;
				TARGETED_DEVICE_FAMILY = "1,2";
				TEST_HOST = "$(BUILT_PRODUCTS_DIR)/Insta Filter.app/Insta Filter";
			};
			name = Release;
		};
		B6C1E8262732BBBC00D41B15 /* Debug */ = {
			isa = XCBuildConfiguration;
			buildSettings = {
				ALWAYS_EMBED_SWIFT_STANDARD_LIBRARIES = YES;
				CODE_SIGN_STYLE = Automatic;
				CURRENT_PROJECT_VERSION = 1;
				DEVELOPMENT_TEAM = 2FRR58PFB2;
				GENERATE_INFOPLIST_FILE = YES;
				LD_RUNPATH_SEARCH_PATHS = (
					"$(inherited)",
					"@executable_path/Frameworks",
					"@loader_path/Frameworks",
				);
				MARKETING_VERSION = 1.0;
				PRODUCT_BUNDLE_IDENTIFIER = "com.yashpoojary.Insta-FilterUITests";
				PRODUCT_NAME = "$(TARGET_NAME)";
				SWIFT_EMIT_LOC_STRINGS = NO;
				SWIFT_VERSION = 5.0;
				TARGETED_DEVICE_FAMILY = "1,2";
				TEST_TARGET_NAME = "Insta Filter";
			};
			name = Debug;
		};
		B6C1E8272732BBBC00D41B15 /* Release */ = {
			isa = XCBuildConfiguration;
			buildSettings = {
				ALWAYS_EMBED_SWIFT_STANDARD_LIBRARIES = YES;
				CODE_SIGN_STYLE = Automatic;
				CURRENT_PROJECT_VERSION = 1;
				DEVELOPMENT_TEAM = 2FRR58PFB2;
				GENERATE_INFOPLIST_FILE = YES;
				LD_RUNPATH_SEARCH_PATHS = (
					"$(inherited)",
					"@executable_path/Frameworks",
					"@loader_path/Frameworks",
				);
				MARKETING_VERSION = 1.0;
				PRODUCT_BUNDLE_IDENTIFIER = "com.yashpoojary.Insta-FilterUITests";
				PRODUCT_NAME = "$(TARGET_NAME)";
				SWIFT_EMIT_LOC_STRINGS = NO;
				SWIFT_VERSION = 5.0;
				TARGETED_DEVICE_FAMILY = "1,2";
				TEST_TARGET_NAME = "Insta Filter";
			};
			name = Release;
		};
/* End XCBuildConfiguration section */

/* Begin XCConfigurationList section */
		B6C1E7F62732BBB900D41B15 /* Build configuration list for PBXProject "Insta Filter" */ = {
			isa = XCConfigurationList;
			buildConfigurations = (
				B6C1E81D2732BBBC00D41B15 /* Debug */,
				B6C1E81E2732BBBC00D41B15 /* Release */,
			);
			defaultConfigurationIsVisible = 0;
			defaultConfigurationName = Release;
		};
		B6C1E81F2732BBBC00D41B15 /* Build configuration list for PBXNativeTarget "Insta Filter" */ = {
			isa = XCConfigurationList;
			buildConfigurations = (
				B6C1E8202732BBBC00D41B15 /* Debug */,
				B6C1E8212732BBBC00D41B15 /* Release */,
			);
			defaultConfigurationIsVisible = 0;
			defaultConfigurationName = Release;
		};
		B6C1E8222732BBBC00D41B15 /* Build configuration list for PBXNativeTarget "Insta FilterTests" */ = {
			isa = XCConfigurationList;
			buildConfigurations = (
				B6C1E8232732BBBC00D41B15 /* Debug */,
				B6C1E8242732BBBC00D41B15 /* Release */,
			);
			defaultConfigurationIsVisible = 0;
			defaultConfigurationName = Release;
		};
		B6C1E8252732BBBC00D41B15 /* Build configuration list for PBXNativeTarget "Insta FilterUITests" */ = {
			isa = XCConfigurationList;
			buildConfigurations = (
				B6C1E8262732BBBC00D41B15 /* Debug */,
				B6C1E8272732BBBC00D41B15 /* Release */,
			);
			defaultConfigurationIsVisible = 0;
			defaultConfigurationName = Release;
		};
/* End XCConfigurationList section */
	};
	rootObject = B6C1E7F32732BBB900D41B15 /* Project object */;
}
